
Microsoft Visual Studio Solution File, Format Version 12.00
# Visual Studio Version 16
VisualStudioVersion = 16.0.30114.128
MinimumVisualStudioVersion = 10.0.40219.1
Project("{FAE04EC0-301F-11D3-BF4B-00C04F79EFBC}") = "GetOpt", "GetOpt\GetOpt.csproj", "{518F28C6-D35D-4EB6-88B9-87CA1C13C1F2}"
EndProject
Global
	GlobalSection(SolutionConfigurationPlatforms) = preSolution
		Debug|Any CPU = Debug|Any CPU
		Release|Any CPU = Release|Any CPU
	EndGlobalSection
	GlobalSection(ProjectConfigurationPlatforms) = postSolution
		{518F28C6-D35D-4EB6-88B9-87CA1C13C1F2}.Debug|Any CPU.ActiveCfg = Debug|Any CPU
		{518F28C6-D35D-4EB6-88B9-87CA1C13C1F2}.Debug|Any CPU.Build.0 = Debug|Any CPU
		{518F28C6-D35D-4EB6-88B9-87CA1C13C1F2}.Release|Any CPU.ActiveCfg = Release|Any CPU
		{518F28C6-D35D-4EB6-88B9-87CA1C13C1F2}.Release|Any CPU.Build.0 = Release|Any CPU
	EndGlobalSection
	GlobalSection(SolutionProperties) = preSolution
		HideSolutionNode = FALSE
	EndGlobalSection
	GlobalSection(ExtensibilityGlobals) = postSolution
		SolutionGuid = {52D527B9-84F3-4D82-B254-49D54170F45A}
	EndGlobalSection
EndGlobal
